
Microsoft Visual Studio Solution File, Format Version 12.00
# Visual Studio Version 17
VisualStudioVersion = 17.0.31903.59
MinimumVisualStudioVersion = 10.0.40219.1
Project("{9A19103F-16F7-4668-BE54-9A1E7A4F7556}") = "WinterEngine", "Source\WinterEngine.csproj", "{B6434837-16AD-4EBA-BEA0-204D6937E1E4}"
EndProject
Project("{9A19103F-16F7-4668-BE54-9A1E7A4F7556}") = "Launcher", "Launcher\Launcher.csproj", "{81473072-EAC9-4EA3-A932-79C67289B3B9}"
	ProjectSection(ProjectDependencies) = postProject
		{D292F79B-EBC4-4D95-97EB-023253A98BBB} = {D292F79B-EBC4-4D95-97EB-023253A98BBB}
	EndProjectSection
EndProject
Project("{9A19103F-16F7-4668-BE54-9A1E7A4F7556}") = "Veldrid.ImGui", "Veldrid.ImGui\Veldrid.ImGui.csproj", "{D292F79B-EBC4-4D95-97EB-023253A98BBB}"
EndProject
Project("{9A19103F-16F7-4668-BE54-9A1E7A4F7556}") = "Veldrid.SDL2", "Veldrid.SDL2\Veldrid.SDL2.csproj", "{A24186A7-569D-4FA1-B37A-5FEF67663515}"
EndProject
Project("{FAE04EC0-301F-11D3-BF4B-00C04F79EFBC}") = "WinterEngine.ValveFormats", "WinterEngine.ValveFormats\WinterEngine.ValveFormats.csproj", "{94534761-DBC1-4377-B71D-A2538B951781}"
EndProject
Project("{FAE04EC0-301F-11D3-BF4B-00C04F79EFBC}") = "WinterEngine.Rendering", "WinterEngine.Rendering\WinterEngine.Rendering.csproj", "{905F9C1A-0579-4F63-AF27-6806F8FF3810}"
EndProject
Global
	GlobalSection(SolutionConfigurationPlatforms) = preSolution
		Debug|Any CPU = Debug|Any CPU
		Release|Any CPU = Release|Any CPU
	EndGlobalSection
	GlobalSection(ProjectConfigurationPlatforms) = postSolution
		{B6434837-16AD-4EBA-BEA0-204D6937E1E4}.Debug|Any CPU.ActiveCfg = Debug|Any CPU
		{B6434837-16AD-4EBA-BEA0-204D6937E1E4}.Debug|Any CPU.Build.0 = Debug|Any CPU
		{B6434837-16AD-4EBA-BEA0-204D6937E1E4}.Release|Any CPU.ActiveCfg = Release|Any CPU
		{B6434837-16AD-4EBA-BEA0-204D6937E1E4}.Release|Any CPU.Build.0 = Release|Any CPU
		{81473072-EAC9-4EA3-A932-79C67289B3B9}.Debug|Any CPU.ActiveCfg = Debug|Any CPU
		{81473072-EAC9-4EA3-A932-79C67289B3B9}.Debug|Any CPU.Build.0 = Debug|Any CPU
		{81473072-EAC9-4EA3-A932-79C67289B3B9}.Release|Any CPU.ActiveCfg = Release|Any CPU
		{81473072-EAC9-4EA3-A932-79C67289B3B9}.Release|Any CPU.Build.0 = Release|Any CPU
		{D292F79B-EBC4-4D95-97EB-023253A98BBB}.Debug|Any CPU.ActiveCfg = Debug|Any CPU
		{D292F79B-EBC4-4D95-97EB-023253A98BBB}.Debug|Any CPU.Build.0 = Debug|Any CPU
		{D292F79B-EBC4-4D95-97EB-023253A98BBB}.Release|Any CPU.ActiveCfg = Release|Any CPU
		{D292F79B-EBC4-4D95-97EB-023253A98BBB}.Release|Any CPU.Build.0 = Release|Any CPU
		{A24186A7-569D-4FA1-B37A-5FEF67663515}.Debug|Any CPU.ActiveCfg = Debug|Any CPU
		{A24186A7-569D-4FA1-B37A-5FEF67663515}.Debug|Any CPU.Build.0 = Debug|Any CPU
		{A24186A7-569D-4FA1-B37A-5FEF67663515}.Release|Any CPU.ActiveCfg = Release|Any CPU
		{A24186A7-569D-4FA1-B37A-5FEF67663515}.Release|Any CPU.Build.0 = Release|Any CPU
		{94534761-DBC1-4377-B71D-A2538B951781}.Debug|Any CPU.ActiveCfg = Debug|Any CPU
		{94534761-DBC1-4377-B71D-A2538B951781}.Debug|Any CPU.Build.0 = Debug|Any CPU
		{94534761-DBC1-4377-B71D-A2538B951781}.Release|Any CPU.ActiveCfg = Release|Any CPU
		{94534761-DBC1-4377-B71D-A2538B951781}.Release|Any CPU.Build.0 = Release|Any CPU
		{905F9C1A-0579-4F63-AF27-6806F8FF3810}.Debug|Any CPU.ActiveCfg = Debug|Any CPU
		{905F9C1A-0579-4F63-AF27-6806F8FF3810}.Debug|Any CPU.Build.0 = Debug|Any CPU
		{905F9C1A-0579-4F63-AF27-6806F8FF3810}.Release|Any CPU.ActiveCfg = Release|Any CPU
		{905F9C1A-0579-4F63-AF27-6806F8FF3810}.Release|Any CPU.Build.0 = Release|Any CPU
	EndGlobalSection
	GlobalSection(SolutionProperties) = preSolution
		HideSolutionNode = FALSE
	EndGlobalSection
	GlobalSection(ExtensibilityGlobals) = postSolution
		SolutionGuid = {32D1D3AA-80FE-4FFE-9E6B-405F85F41214}
	EndGlobalSection
EndGlobal
