Microsoft Visual Studio Solution File, Format Version 12.00
# Visual Studio Version 17
VisualStudioVersion = 17.0.31903.59
MinimumVisualStudioVersion = 10.0.40219.1
Project("{9A19103F-16F7-4668-BE54-9A1E7A4F7556}") = "WinterEngine", "WinterEngine\WinterEngine.csproj", "{B6434837-16AD-4EBA-BEA0-204D6937E1E4}"
	ProjectSection(ProjectDependencies) = postProject
		{0BF7C2F1-445C-48BE-9448-61B1061A85EC} = {0BF7C2F1-445C-48BE-9448-61B1061A85EC}
	EndProjectSection
EndProject
Project("{9A19103F-16F7-4668-BE54-9A1E7A4F7556}") = "Launcher", "Launcher\Launcher.csproj", "{81473072-EAC9-4EA3-A932-79C67289B3B9}"
	ProjectSection(ProjectDependencies) = postProject
		{D292F79B-EBC4-4D95-97EB-023253A98BBB} = {D292F79B-EBC4-4D95-97EB-023253A98BBB}
	EndProjectSection
EndProject
Project("{9A19103F-16F7-4668-BE54-9A1E7A4F7556}") = "Veldrid.ImGui", "Veldrid.ImGui\Veldrid.ImGui.csproj", "{D292F79B-EBC4-4D95-97EB-023253A98BBB}"
EndProject
Project("{9A19103F-16F7-4668-BE54-9A1E7A4F7556}") = "Veldrid.SDL2", "Veldrid.SDL2\Veldrid.SDL2.csproj", "{A24186A7-569D-4FA1-B37A-5FEF67663515}"
EndProject
Project("{9A19103F-16F7-4668-BE54-9A1E7A4F7556}") = "WinterEngine.ValveFormats", "WinterEngine.ValveFormats\WinterEngine.ValveFormats.csproj", "{94534761-DBC1-4377-B71D-A2538B951781}"
EndProject
Project("{9A19103F-16F7-4668-BE54-9A1E7A4F7556}") = "WinterEngine.Rendering", "WinterEngine.Rendering\WinterEngine.Rendering.csproj", "{905F9C1A-0579-4F63-AF27-6806F8FF3810}"
	ProjectSection(ProjectDependencies) = postProject
		{0BF7C2F1-445C-48BE-9448-61B1061A85EC} = {0BF7C2F1-445C-48BE-9448-61B1061A85EC}
	EndProjectSection
EndProject
Project("{9A19103F-16F7-4668-BE54-9A1E7A4F7556}") = "MathLib", "MathLib\MathLib.csproj", "{0BF7C2F1-445C-48BE-9448-61B1061A85EC}"
EndProject
Project("{2150E333-8FDC-42A3-9474-1A3956D46DE8}") = "Core", "Core", "{7ECF1074-67C9-4668-B849-B9857FBC6190}"
EndProject
Project("{2150E333-8FDC-42A3-9474-1A3956D46DE8}") = "Extensions", "Extensions", "{B77008AE-96F5-4547-A804-7DC1D1D87D94}"
EndProject
Project("{2150E333-8FDC-42A3-9474-1A3956D46DE8}") = "ThirdParty", "ThirdParty", "{3E9B0C00-E6C6-42F2-8118-66117628E68F}"
EndProject
Project("{2150E333-8FDC-42A3-9474-1A3956D46DE8}") = "Tools", "Tools", "{8B3C0E2D-E41C-4C01-87D3-3B1CB4942794}"
EndProject
Project("{9A19103F-16F7-4668-BE54-9A1E7A4F7556}") = "TestGame", "TestGame\TestGame.csproj", "{A33A80A3-42BA-4DB2-9660-A3E4B4FBC198}"
	ProjectSection(ProjectDependencies) = postProject
		{18DA813B-5F03-42FD-81FD-7CE62F5E4236} = {18DA813B-5F03-42FD-81FD-7CE62F5E4236}
	EndProjectSection
EndProject
Global
	GlobalSection(SolutionConfigurationPlatforms) = preSolution
		Debug|Any CPU = Debug|Any CPU
		Release|Any CPU = Release|Any CPU
	EndGlobalSection
	GlobalSection(ProjectConfigurationPlatforms) = postSolution
		{B6434837-16AD-4EBA-BEA0-204D6937E1E4}.Debug|Any CPU.ActiveCfg = Debug|Any CPU
		{B6434837-16AD-4EBA-BEA0-204D6937E1E4}.Debug|Any CPU.Build.0 = Debug|Any CPU
		{B6434837-16AD-4EBA-BEA0-204D6937E1E4}.Release|Any CPU.ActiveCfg = Release|Any CPU
		{B6434837-16AD-4EBA-BEA0-204D6937E1E4}.Release|Any CPU.Build.0 = Release|Any CPU
		{81473072-EAC9-4EA3-A932-79C67289B3B9}.Debug|Any CPU.ActiveCfg = Debug|Any CPU
		{81473072-EAC9-4EA3-A932-79C67289B3B9}.Debug|Any CPU.Build.0 = Debug|Any CPU
		{81473072-EAC9-4EA3-A932-79C67289B3B9}.Release|Any CPU.ActiveCfg = Release|Any CPU
		{81473072-EAC9-4EA3-A932-79C67289B3B9}.Release|Any CPU.Build.0 = Release|Any CPU
		{D292F79B-EBC4-4D95-97EB-023253A98BBB}.Debug|Any CPU.ActiveCfg = Debug|Any CPU
		{D292F79B-EBC4-4D95-97EB-023253A98BBB}.Debug|Any CPU.Build.0 = Debug|Any CPU
		{D292F79B-EBC4-4D95-97EB-023253A98BBB}.Release|Any CPU.ActiveCfg = Release|Any CPU
		{D292F79B-EBC4-4D95-97EB-023253A98BBB}.Release|Any CPU.Build.0 = Release|Any CPU
		{A24186A7-569D-4FA1-B37A-5FEF67663515}.Debug|Any CPU.ActiveCfg = Debug|Any CPU
		{A24186A7-569D-4FA1-B37A-5FEF67663515}.Debug|Any CPU.Build.0 = Debug|Any CPU
		{A24186A7-569D-4FA1-B37A-5FEF67663515}.Release|Any CPU.ActiveCfg = Release|Any CPU
		{A24186A7-569D-4FA1-B37A-5FEF67663515}.Release|Any CPU.Build.0 = Release|Any CPU
		{94534761-DBC1-4377-B71D-A2538B951781}.Debug|Any CPU.ActiveCfg = Debug|Any CPU
		{94534761-DBC1-4377-B71D-A2538B951781}.Debug|Any CPU.Build.0 = Debug|Any CPU
		{94534761-DBC1-4377-B71D-A2538B951781}.Release|Any CPU.ActiveCfg = Release|Any CPU
		{94534761-DBC1-4377-B71D-A2538B951781}.Release|Any CPU.Build.0 = Release|Any CPU
		{905F9C1A-0579-4F63-AF27-6806F8FF3810}.Debug|Any CPU.ActiveCfg = Debug|Any CPU
		{905F9C1A-0579-4F63-AF27-6806F8FF3810}.Debug|Any CPU.Build.0 = Debug|Any CPU
		{905F9C1A-0579-4F63-AF27-6806F8FF3810}.Release|Any CPU.ActiveCfg = Release|Any CPU
		{905F9C1A-0579-4F63-AF27-6806F8FF3810}.Release|Any CPU.Build.0 = Release|Any CPU
		{0BF7C2F1-445C-48BE-9448-61B1061A85EC}.Debug|Any CPU.ActiveCfg = Debug|Any CPU
		{0BF7C2F1-445C-48BE-9448-61B1061A85EC}.Debug|Any CPU.Build.0 = Debug|Any CPU
		{0BF7C2F1-445C-48BE-9448-61B1061A85EC}.Release|Any CPU.ActiveCfg = Release|Any CPU
		{0BF7C2F1-445C-48BE-9448-61B1061A85EC}.Release|Any CPU.Build.0 = Release|Any CPU
		{A33A80A3-42BA-4DB2-9660-A3E4B4FBC198}.Debug|Any CPU.ActiveCfg = Debug|Any CPU
		{A33A80A3-42BA-4DB2-9660-A3E4B4FBC198}.Debug|Any CPU.Build.0 = Debug|Any CPU
		{A33A80A3-42BA-4DB2-9660-A3E4B4FBC198}.Release|Any CPU.ActiveCfg = Release|Any CPU
		{A33A80A3-42BA-4DB2-9660-A3E4B4FBC198}.Release|Any CPU.Build.0 = Release|Any CPU
		{18DA813B-5F03-42FD-81FD-7CE62F5E4236}.Debug|Any CPU.ActiveCfg = Debug|Any CPU
		{18DA813B-5F03-42FD-81FD-7CE62F5E4236}.Debug|Any CPU.Build.0 = Debug|Any CPU
		{18DA813B-5F03-42FD-81FD-7CE62F5E4236}.Release|Any CPU.ActiveCfg = Release|Any CPU
		{18DA813B-5F03-42FD-81FD-7CE62F5E4236}.Release|Any CPU.Build.0 = Release|Any CPU
	EndGlobalSection
	GlobalSection(SolutionProperties) = preSolution
		HideSolutionNode = FALSE
	EndGlobalSection
	GlobalSection(NestedProjects) = preSolution
		{B6434837-16AD-4EBA-BEA0-204D6937E1E4} = {7ECF1074-67C9-4668-B849-B9857FBC6190}
		{81473072-EAC9-4EA3-A932-79C67289B3B9} = {7ECF1074-67C9-4668-B849-B9857FBC6190}
		{D292F79B-EBC4-4D95-97EB-023253A98BBB} = {3E9B0C00-E6C6-42F2-8118-66117628E68F}
		{A24186A7-569D-4FA1-B37A-5FEF67663515} = {3E9B0C00-E6C6-42F2-8118-66117628E68F}
		{94534761-DBC1-4377-B71D-A2538B951781} = {B77008AE-96F5-4547-A804-7DC1D1D87D94}
		{905F9C1A-0579-4F63-AF27-6806F8FF3810} = {7ECF1074-67C9-4668-B849-B9857FBC6190}
		{0BF7C2F1-445C-48BE-9448-61B1061A85EC} = {7ECF1074-67C9-4668-B849-B9857FBC6190}
	EndGlobalSection
	GlobalSection(ExtensibilityGlobals) = postSolution
		SolutionGuid = {32D1D3AA-80FE-4FFE-9E6B-405F85F41214}
	EndGlobalSection
EndGlobal
