
Microsoft Visual Studio Solution File, Format Version 12.00
# Visual Studio Version 17
VisualStudioVersion = 17.0.31903.59
MinimumVisualStudioVersion = 10.0.40219.1
Project("{9A19103F-16F7-4668-BE54-9A1E7A4F7556}") = "WinterEngine", "Engine\WinterEngine.csproj", "{21B8C928-847C-4015-8056-98222F3F274C}"
EndProject
Project("{9A19103F-16F7-4668-BE54-9A1E7A4F7556}") = "Launcher", "Launcher\Launcher.csproj", "{C6724A27-F8EE-431D-A238-F82CD93130A3}"
EndProject
Project("{9A19103F-16F7-4668-BE54-9A1E7A4F7556}") = "MathLib", "MathLib\MathLib.csproj", "{F3C1651E-573F-4D12-9015-C71190C37ABE}"
EndProject
Project("{9A19103F-16F7-4668-BE54-9A1E7A4F7556}") = "WinterEngine.FileSystem", "FileSystem\WinterEngine.FileSystem.csproj", "{55DF29EF-E8D9-4C89-8E20-5451C0CF99AD}"
EndProject
Project("{9A19103F-16F7-4668-BE54-9A1E7A4F7556}") = "WinterEngine.RenderSystem", "RenderSystem\WinterEngine.RenderSystem.csproj", "{CB9892D5-CD45-4F5E-BCB0-5396DEAE35B9}"
EndProject
Project("{9A19103F-16F7-4668-BE54-9A1E7A4F7556}") = "WinterEngine.SceneSystem", "SceneSystem\WinterEngine.SceneSystem.csproj", "{BF580BFD-069A-46B9-9E3D-83F04F592F59}"
EndProject
Project("{9A19103F-16F7-4668-BE54-9A1E7A4F7556}") = "WinterEngine.MaterialSystem", "MaterialSystem\WinterEngine.MaterialSystem.csproj", "{D8184DB1-8421-457B-8534-A7EFF2E95206}"
EndProject
Project("{9A19103F-16F7-4668-BE54-9A1E7A4F7556}") = "Veldrid.SDL2", "..\Veldrid.SDL2\Veldrid.SDL2.csproj", "{9476BFDC-1522-4504-80E5-5A9257715A8D}"
EndProject
Project("{9A19103F-16F7-4668-BE54-9A1E7A4F7556}") = "Veldrid.ImGui", "..\Veldrid.ImGui\Veldrid.ImGui.csproj", "{EB68069A-D244-4E40-96D3-A5CD9BE68662}"
EndProject
Project("{9A19103F-16F7-4668-BE54-9A1E7A4F7556}") = "TestGame", "Game\testgame\TestGame.csproj", "{B0E72975-AE81-4875-BFE2-3A216C14861D}"
EndProject
Project("{9A19103F-16F7-4668-BE54-9A1E7A4F7556}") = "Datamodel.NET", "..\DatamodelLib\Datamodel.NET.csproj", "{988FDF29-7779-41F1-88D1-309E1D8B5C43}"
EndProject
Project("{9A19103F-16F7-4668-BE54-9A1E7A4F7556}") = "ValveKeyValue", "..\ValveKeyValue\ValveKeyValue\ValveKeyValue\ValveKeyValue.csproj", "{9AB4F0D1-7711-416F-9F19-09063A4BE178}"
EndProject
Project("{2150E333-8FDC-42A3-9474-1A3956D46DE8}") = "Thirdparty", "Thirdparty", "{BF52F2E6-56A0-429A-A8D7-FF42EA988F00}"
EndProject
Project("{2150E333-8FDC-42A3-9474-1A3956D46DE8}") = "Engine", "Engine", "{35313B0C-BF00-49B4-98F8-9668D9BF544E}"
EndProject
Project("{2150E333-8FDC-42A3-9474-1A3956D46DE8}") = "Tests", "Tests", "{B1E982FC-CB1B-49DD-B03B-2DB3268DD370}"
EndProject
Project("{2150E333-8FDC-42A3-9474-1A3956D46DE8}") = "Game", "Game", "{C3439E37-5FA0-48A6-9151-BEC9EDFA392B}"
EndProject
Project("{9A19103F-16F7-4668-BE54-9A1E7A4F7556}") = "SceneSystemTest", "..\Tests\SceneSystemTest\SceneSystemTest.csproj", "{872315BA-1D21-4EF5-9183-14D09573BF73}"
EndProject
Project("{FAE04EC0-301F-11D3-BF4B-00C04F79EFBC}") = "FileSystemTest", "..\Tests\FileSystemTest\FileSystemTest.csproj", "{184B3A6C-C7A7-46F1-A1EA-7179BE7FD786}"
EndProject
Global
	GlobalSection(SolutionConfigurationPlatforms) = preSolution
		Debug|Any CPU = Debug|Any CPU
		Release|Any CPU = Release|Any CPU
	EndGlobalSection
	GlobalSection(ProjectConfigurationPlatforms) = postSolution
		{21B8C928-847C-4015-8056-98222F3F274C}.Debug|Any CPU.ActiveCfg = Debug|Any CPU
		{21B8C928-847C-4015-8056-98222F3F274C}.Debug|Any CPU.Build.0 = Debug|Any CPU
		{21B8C928-847C-4015-8056-98222F3F274C}.Release|Any CPU.ActiveCfg = Release|Any CPU
		{21B8C928-847C-4015-8056-98222F3F274C}.Release|Any CPU.Build.0 = Release|Any CPU
		{C6724A27-F8EE-431D-A238-F82CD93130A3}.Debug|Any CPU.ActiveCfg = Debug|Any CPU
		{C6724A27-F8EE-431D-A238-F82CD93130A3}.Debug|Any CPU.Build.0 = Debug|Any CPU
		{C6724A27-F8EE-431D-A238-F82CD93130A3}.Release|Any CPU.ActiveCfg = Release|Any CPU
		{C6724A27-F8EE-431D-A238-F82CD93130A3}.Release|Any CPU.Build.0 = Release|Any CPU
		{F3C1651E-573F-4D12-9015-C71190C37ABE}.Debug|Any CPU.ActiveCfg = Debug|Any CPU
		{F3C1651E-573F-4D12-9015-C71190C37ABE}.Debug|Any CPU.Build.0 = Debug|Any CPU
		{F3C1651E-573F-4D12-9015-C71190C37ABE}.Release|Any CPU.ActiveCfg = Release|Any CPU
		{F3C1651E-573F-4D12-9015-C71190C37ABE}.Release|Any CPU.Build.0 = Release|Any CPU
		{55DF29EF-E8D9-4C89-8E20-5451C0CF99AD}.Debug|Any CPU.ActiveCfg = Debug|Any CPU
		{55DF29EF-E8D9-4C89-8E20-5451C0CF99AD}.Debug|Any CPU.Build.0 = Debug|Any CPU
		{55DF29EF-E8D9-4C89-8E20-5451C0CF99AD}.Release|Any CPU.ActiveCfg = Release|Any CPU
		{55DF29EF-E8D9-4C89-8E20-5451C0CF99AD}.Release|Any CPU.Build.0 = Release|Any CPU
		{CB9892D5-CD45-4F5E-BCB0-5396DEAE35B9}.Debug|Any CPU.ActiveCfg = Debug|Any CPU
		{CB9892D5-CD45-4F5E-BCB0-5396DEAE35B9}.Debug|Any CPU.Build.0 = Debug|Any CPU
		{CB9892D5-CD45-4F5E-BCB0-5396DEAE35B9}.Release|Any CPU.ActiveCfg = Release|Any CPU
		{CB9892D5-CD45-4F5E-BCB0-5396DEAE35B9}.Release|Any CPU.Build.0 = Release|Any CPU
		{BF580BFD-069A-46B9-9E3D-83F04F592F59}.Debug|Any CPU.ActiveCfg = Debug|Any CPU
		{BF580BFD-069A-46B9-9E3D-83F04F592F59}.Debug|Any CPU.Build.0 = Debug|Any CPU
		{BF580BFD-069A-46B9-9E3D-83F04F592F59}.Release|Any CPU.ActiveCfg = Release|Any CPU
		{BF580BFD-069A-46B9-9E3D-83F04F592F59}.Release|Any CPU.Build.0 = Release|Any CPU
		{D8184DB1-8421-457B-8534-A7EFF2E95206}.Debug|Any CPU.ActiveCfg = Debug|Any CPU
		{D8184DB1-8421-457B-8534-A7EFF2E95206}.Debug|Any CPU.Build.0 = Debug|Any CPU
		{D8184DB1-8421-457B-8534-A7EFF2E95206}.Release|Any CPU.ActiveCfg = Release|Any CPU
		{D8184DB1-8421-457B-8534-A7EFF2E95206}.Release|Any CPU.Build.0 = Release|Any CPU
		{9476BFDC-1522-4504-80E5-5A9257715A8D}.Debug|Any CPU.ActiveCfg = Debug|Any CPU
		{9476BFDC-1522-4504-80E5-5A9257715A8D}.Debug|Any CPU.Build.0 = Debug|Any CPU
		{9476BFDC-1522-4504-80E5-5A9257715A8D}.Release|Any CPU.ActiveCfg = Release|Any CPU
		{9476BFDC-1522-4504-80E5-5A9257715A8D}.Release|Any CPU.Build.0 = Release|Any CPU
		{EB68069A-D244-4E40-96D3-A5CD9BE68662}.Debug|Any CPU.ActiveCfg = Debug|Any CPU
		{EB68069A-D244-4E40-96D3-A5CD9BE68662}.Debug|Any CPU.Build.0 = Debug|Any CPU
		{EB68069A-D244-4E40-96D3-A5CD9BE68662}.Release|Any CPU.ActiveCfg = Release|Any CPU
		{EB68069A-D244-4E40-96D3-A5CD9BE68662}.Release|Any CPU.Build.0 = Release|Any CPU
		{B0E72975-AE81-4875-BFE2-3A216C14861D}.Debug|Any CPU.ActiveCfg = Debug|Any CPU
		{B0E72975-AE81-4875-BFE2-3A216C14861D}.Debug|Any CPU.Build.0 = Debug|Any CPU
		{B0E72975-AE81-4875-BFE2-3A216C14861D}.Release|Any CPU.ActiveCfg = Release|Any CPU
		{B0E72975-AE81-4875-BFE2-3A216C14861D}.Release|Any CPU.Build.0 = Release|Any CPU
		{988FDF29-7779-41F1-88D1-309E1D8B5C43}.Debug|Any CPU.ActiveCfg = Debug|Any CPU
		{988FDF29-7779-41F1-88D1-309E1D8B5C43}.Debug|Any CPU.Build.0 = Debug|Any CPU
		{988FDF29-7779-41F1-88D1-309E1D8B5C43}.Release|Any CPU.ActiveCfg = Release|Any CPU
		{988FDF29-7779-41F1-88D1-309E1D8B5C43}.Release|Any CPU.Build.0 = Release|Any CPU
		{9AB4F0D1-7711-416F-9F19-09063A4BE178}.Debug|Any CPU.ActiveCfg = Debug|Any CPU
		{9AB4F0D1-7711-416F-9F19-09063A4BE178}.Debug|Any CPU.Build.0 = Debug|Any CPU
		{9AB4F0D1-7711-416F-9F19-09063A4BE178}.Release|Any CPU.ActiveCfg = Release|Any CPU
		{9AB4F0D1-7711-416F-9F19-09063A4BE178}.Release|Any CPU.Build.0 = Release|Any CPU
		{872315BA-1D21-4EF5-9183-14D09573BF73}.Debug|Any CPU.ActiveCfg = Debug|Any CPU
		{872315BA-1D21-4EF5-9183-14D09573BF73}.Debug|Any CPU.Build.0 = Debug|Any CPU
		{872315BA-1D21-4EF5-9183-14D09573BF73}.Release|Any CPU.ActiveCfg = Release|Any CPU
		{872315BA-1D21-4EF5-9183-14D09573BF73}.Release|Any CPU.Build.0 = Release|Any CPU
		{184B3A6C-C7A7-46F1-A1EA-7179BE7FD786}.Debug|Any CPU.ActiveCfg = Debug|Any CPU
		{184B3A6C-C7A7-46F1-A1EA-7179BE7FD786}.Debug|Any CPU.Build.0 = Debug|Any CPU
		{184B3A6C-C7A7-46F1-A1EA-7179BE7FD786}.Release|Any CPU.ActiveCfg = Release|Any CPU
		{184B3A6C-C7A7-46F1-A1EA-7179BE7FD786}.Release|Any CPU.Build.0 = Release|Any CPU
	EndGlobalSection
	GlobalSection(SolutionProperties) = preSolution
		HideSolutionNode = FALSE
	EndGlobalSection
	GlobalSection(NestedProjects) = preSolution
		{21B8C928-847C-4015-8056-98222F3F274C} = {35313B0C-BF00-49B4-98F8-9668D9BF544E}
		{55DF29EF-E8D9-4C89-8E20-5451C0CF99AD} = {35313B0C-BF00-49B4-98F8-9668D9BF544E}
		{CB9892D5-CD45-4F5E-BCB0-5396DEAE35B9} = {35313B0C-BF00-49B4-98F8-9668D9BF544E}
		{BF580BFD-069A-46B9-9E3D-83F04F592F59} = {35313B0C-BF00-49B4-98F8-9668D9BF544E}
		{D8184DB1-8421-457B-8534-A7EFF2E95206} = {35313B0C-BF00-49B4-98F8-9668D9BF544E}
		{9476BFDC-1522-4504-80E5-5A9257715A8D} = {BF52F2E6-56A0-429A-A8D7-FF42EA988F00}
		{EB68069A-D244-4E40-96D3-A5CD9BE68662} = {BF52F2E6-56A0-429A-A8D7-FF42EA988F00}
		{B0E72975-AE81-4875-BFE2-3A216C14861D} = {C3439E37-5FA0-48A6-9151-BEC9EDFA392B}
		{988FDF29-7779-41F1-88D1-309E1D8B5C43} = {BF52F2E6-56A0-429A-A8D7-FF42EA988F00}
		{9AB4F0D1-7711-416F-9F19-09063A4BE178} = {BF52F2E6-56A0-429A-A8D7-FF42EA988F00}
		{872315BA-1D21-4EF5-9183-14D09573BF73} = {B1E982FC-CB1B-49DD-B03B-2DB3268DD370}
		{184B3A6C-C7A7-46F1-A1EA-7179BE7FD786} = {B1E982FC-CB1B-49DD-B03B-2DB3268DD370}
	EndGlobalSection
	GlobalSection(ExtensibilityGlobals) = postSolution
		SolutionGuid = {FEA2BFC7-274D-450B-A381-3755801E6E1A}
	EndGlobalSection
EndGlobal
